{
  "lockfile_version": "1",
  "packages": {
    "direnv@latest": {
      "last_modified": "2025-11-23T21:50:36Z",
      "resolved": "github:NixOS/nixpkgs/ee09932cedcef15aaf476f9343d1dea2cb77e261#direnv",
      "source": "devbox-search",
      "version": "2.37.1",
      "systems": {
        "aarch64-darwin": {
          "outputs": [
            {
              "name": "out",
              "path": "/nix/store/jvqli6w4plrjipvq1zs2k096rmiq5a3j-direnv-2.37.1",
              "default": true
            }
          ],
          "store_path": "/nix/store/jvqli6w4plrjipvq1zs2k096rmiq5a3j-direnv-2.37.1"
        },
        "aarch64-linux": {
          "outputs": [
            {
              "name": "out",
              "path": "/nix/store/bimg3r15l5y511f0nwsbj05za20h682y-direnv-2.37.1",
              "default": true
            }
          ],
          "store_path": "/nix/store/bimg3r15l5y511f0nwsbj05za20h682y-direnv-2.37.1"
        },
        "x86_64-darwin": {
          "outputs": [
            {
              "name": "out",
              "path": "/nix/store/likv1z3frckgb92yzj92d8lbc3ahzpq0-direnv-2.37.1",
              "default": true
            }
          ],
          "store_path": "/nix/store/likv1z3frckgb92yzj92d8lbc3ahzpq0-direnv-2.37.1"
        },
        "x86_64-linux": {
          "outputs": [
            {
              "name": "out",
              "path": "/nix/store/wpj4la1jgf0p8aimfzx49gfr3228vk8f-direnv-2.37.1",
              "default": true
            }
          ],
          "store_path": "/nix/store/wpj4la1jgf0p8aimfzx49gfr3228vk8f-direnv-2.37.1"
        }
      }
    },
    "github:NixOS/nixpkgs/nixpkgs-unstable": {
      "last_modified": "2025-11-15T07:28:48Z",
      "resolved": "github:NixOS/nixpkgs/1d4c88323ac36805d09657d13a5273aea1b34f0c?lastModified=1763191728&narHash=sha256-esRhOS0APE6k40Hs%2FjjReXg%2Brx%2BJ5LkWw7cuWFKlwYA%3D"
    },
    "uv@latest": {
      "last_modified": "2025-12-03T03:51:48Z",
      "resolved": "github:NixOS/nixpkgs/cadcc8de247676e4751c9d4a935acb2c0b059113#uv",
      "source": "devbox-search",
      "version": "0.9.14",
      "systems": {
        "aarch64-darwin": {
          "outputs": [
            {
              "name": "out",
              "path": "/nix/store/zbg4ksfcdcmqbw8x0f0xlla16g2lhxgy-uv-0.9.14",
              "default": true
            }
          ],
          "store_path": "/nix/store/zbg4ksfcdcmqbw8x0f0xlla16g2lhxgy-uv-0.9.14"
        },
        "aarch64-linux": {
          "outputs": [
            {
              "name": "out",
              "path": "/nix/store/2k74mawzpjihb1jpyxlmbhaz7wflbhyb-uv-0.9.14",
              "default": true
            }
          ],
          "store_path": "/nix/store/2k74mawzpjihb1jpyxlmbhaz7wflbhyb-uv-0.9.14"
        },
        "x86_64-darwin": {
          "outputs": [
            {
              "name": "out",
              "path": "/nix/store/msq3vg45z01w0bl7q0k57yyczjh10hv8-uv-0.9.14",
              "default": true
            }
          ],
          "store_path": "/nix/store/msq3vg45z01w0bl7q0k57yyczjh10hv8-uv-0.9.14"
        },
        "x86_64-linux": {
          "outputs": [
            {
              "name": "out",
              "path": "/nix/store/483pf97g9l0l3rh0988ghffcppm4001a-uv-0.9.14",
              "default": true
            }
          ],
          "store_path": "/nix/store/483pf97g9l0l3rh0988ghffcppm4001a-uv-0.9.14"
        }
      }
    }
  }
}
