{
  "lockfile_version": "1",
  "packages": {
    "act@latest": {
      "last_modified": "2026-01-09T13:41:53Z",
      "resolved": "github:NixOS/nixpkgs/5f02c91314c8ba4afe83b256b023756412218535#act",
      "source": "devbox-search",
      "version": "0.2.84",
      "systems": {
        "aarch64-darwin": {
          "outputs": [
            {
              "name": "out",
              "path": "/nix/store/a66igc76c2vzyl3q5z7c7kf7dr4b9is5-act-0.2.84",
              "default": true
            }
          ],
          "store_path": "/nix/store/a66igc76c2vzyl3q5z7c7kf7dr4b9is5-act-0.2.84"
        },
        "aarch64-linux": {
          "outputs": [
            {
              "name": "out",
              "path": "/nix/store/wwrpc61p07x97b27ryhyks8zc9bq4j5c-act-0.2.84",
              "default": true
            }
          ],
          "store_path": "/nix/store/wwrpc61p07x97b27ryhyks8zc9bq4j5c-act-0.2.84"
        },
        "x86_64-darwin": {
          "outputs": [
            {
              "name": "out",
              "path": "/nix/store/v5fv7inyakck6m1f5q4xz78gfk7r1al7-act-0.2.84",
              "default": true
            }
          ],
          "store_path": "/nix/store/v5fv7inyakck6m1f5q4xz78gfk7r1al7-act-0.2.84"
        },
        "x86_64-linux": {
          "outputs": [
            {
              "name": "out",
              "path": "/nix/store/vpqyxvqac1f8pwva5ffxidr98qbfhn20-act-0.2.84",
              "default": true
            }
          ],
          "store_path": "/nix/store/vpqyxvqac1f8pwva5ffxidr98qbfhn20-act-0.2.84"
        }
      }
    },
    "bun@latest": {
      "last_modified": "2025-12-31T03:27:36Z",
      "resolved": "github:NixOS/nixpkgs/f665af0cdb70ed27e1bd8f9fdfecaf451260fc55#bun",
      "source": "devbox-search",
      "version": "1.3.5",
      "systems": {
        "aarch64-darwin": {
          "outputs": [
            {
              "name": "out",
              "path": "/nix/store/l95lxycv81h0dd313cznpkqjqyny7fnl-bun-1.3.5",
              "default": true
            }
          ],
          "store_path": "/nix/store/l95lxycv81h0dd313cznpkqjqyny7fnl-bun-1.3.5"
        },
        "aarch64-linux": {
          "outputs": [
            {
              "name": "out",
              "path": "/nix/store/64zyjf8y41ddxys3c8fswmfjl7a1dq0r-bun-1.3.5",
              "default": true
            }
          ],
          "store_path": "/nix/store/64zyjf8y41ddxys3c8fswmfjl7a1dq0r-bun-1.3.5"
        },
        "x86_64-darwin": {
          "outputs": [
            {
              "name": "out",
              "path": "/nix/store/bigwxxi4a1plg9cssmv7l0llmna0j5gk-bun-1.3.5",
              "default": true
            }
          ],
          "store_path": "/nix/store/bigwxxi4a1plg9cssmv7l0llmna0j5gk-bun-1.3.5"
        },
        "x86_64-linux": {
          "outputs": [
            {
              "name": "out",
              "path": "/nix/store/qgwwg2jr2yrksig72y9cmhj65bdcnxhn-bun-1.3.5",
              "default": true
            }
          ],
          "store_path": "/nix/store/qgwwg2jr2yrksig72y9cmhj65bdcnxhn-bun-1.3.5"
        }
      }
    },
    "direnv@latest": {
      "last_modified": "2025-11-23T21:50:36Z",
      "resolved": "github:NixOS/nixpkgs/ee09932cedcef15aaf476f9343d1dea2cb77e261#direnv",
      "source": "devbox-search",
      "version": "2.37.1",
      "systems": {
        "aarch64-darwin": {
          "outputs": [
            {
              "name": "out",
              "path": "/nix/store/jvqli6w4plrjipvq1zs2k096rmiq5a3j-direnv-2.37.1",
              "default": true
            }
          ],
          "store_path": "/nix/store/jvqli6w4plrjipvq1zs2k096rmiq5a3j-direnv-2.37.1"
        },
        "aarch64-linux": {
          "outputs": [
            {
              "name": "out",
              "path": "/nix/store/bimg3r15l5y511f0nwsbj05za20h682y-direnv-2.37.1",
              "default": true
            }
          ],
          "store_path": "/nix/store/bimg3r15l5y511f0nwsbj05za20h682y-direnv-2.37.1"
        },
        "x86_64-darwin": {
          "outputs": [
            {
              "name": "out",
              "path": "/nix/store/likv1z3frckgb92yzj92d8lbc3ahzpq0-direnv-2.37.1",
              "default": true
            }
          ],
          "store_path": "/nix/store/likv1z3frckgb92yzj92d8lbc3ahzpq0-direnv-2.37.1"
        },
        "x86_64-linux": {
          "outputs": [
            {
              "name": "out",
              "path": "/nix/store/wpj4la1jgf0p8aimfzx49gfr3228vk8f-direnv-2.37.1",
              "default": true
            }
          ],
          "store_path": "/nix/store/wpj4la1jgf0p8aimfzx49gfr3228vk8f-direnv-2.37.1"
        }
      }
    },
    "docker-client@latest": {
      "last_modified": "2026-01-09T13:41:53Z",
      "resolved": "github:NixOS/nixpkgs/5f02c91314c8ba4afe83b256b023756412218535#docker-client",
      "source": "devbox-search",
      "version": "29.1.3",
      "systems": {
        "aarch64-darwin": {
          "outputs": [
            {
              "name": "out",
              "path": "/nix/store/yna4ifgq7bk4jjq32fjrps5hmq5ky8hn-docker-29.1.3",
              "default": true
            }
          ],
          "store_path": "/nix/store/yna4ifgq7bk4jjq32fjrps5hmq5ky8hn-docker-29.1.3"
        },
        "aarch64-linux": {
          "outputs": [
            {
              "name": "out",
              "path": "/nix/store/n02qfqgyijq3q1k21ph7pgrwrgwmjjxc-docker-29.1.3",
              "default": true
            }
          ],
          "store_path": "/nix/store/n02qfqgyijq3q1k21ph7pgrwrgwmjjxc-docker-29.1.3"
        },
        "x86_64-darwin": {
          "outputs": [
            {
              "name": "out",
              "path": "/nix/store/l08zl9qx1qap7ivm1i3l487zrrvirg0f-docker-29.1.3",
              "default": true
            }
          ],
          "store_path": "/nix/store/l08zl9qx1qap7ivm1i3l487zrrvirg0f-docker-29.1.3"
        },
        "x86_64-linux": {
          "outputs": [
            {
              "name": "out",
              "path": "/nix/store/ywh2wzbd6vablv891b13mlg72v0fyp6w-docker-29.1.3",
              "default": true
            }
          ],
          "store_path": "/nix/store/ywh2wzbd6vablv891b13mlg72v0fyp6w-docker-29.1.3"
        }
      }
    },
    "gh@latest": {
      "last_modified": "2025-12-31T03:27:36Z",
      "resolved": "github:NixOS/nixpkgs/f665af0cdb70ed27e1bd8f9fdfecaf451260fc55#gh",
      "source": "devbox-search",
      "version": "2.83.2",
      "systems": {
        "aarch64-darwin": {
          "outputs": [
            {
              "name": "out",
              "path": "/nix/store/628v229i04rb1dflknh615bpydpcd3q1-gh-2.83.2",
              "default": true
            }
          ],
          "store_path": "/nix/store/628v229i04rb1dflknh615bpydpcd3q1-gh-2.83.2"
        },
        "aarch64-linux": {
          "outputs": [
            {
              "name": "out",
              "path": "/nix/store/ricbdm2m9538a3hbkavwrfdrvg021kb6-gh-2.83.2",
              "default": true
            }
          ],
          "store_path": "/nix/store/ricbdm2m9538a3hbkavwrfdrvg021kb6-gh-2.83.2"
        },
        "x86_64-darwin": {
          "outputs": [
            {
              "name": "out",
              "path": "/nix/store/5xf0w0i8sq5ym2yb4a4gjjpakffwf24r-gh-2.83.2",
              "default": true
            }
          ],
          "store_path": "/nix/store/5xf0w0i8sq5ym2yb4a4gjjpakffwf24r-gh-2.83.2"
        },
        "x86_64-linux": {
          "outputs": [
            {
              "name": "out",
              "path": "/nix/store/6yfpl0bpgivl0xzr1fvzdwzwv3q5r08k-gh-2.83.2",
              "default": true
            }
          ],
          "store_path": "/nix/store/6yfpl0bpgivl0xzr1fvzdwzwv3q5r08k-gh-2.83.2"
        }
      }
    },
    "github:NixOS/nixpkgs/nixpkgs-unstable": {
      "last_modified": "2025-11-15T07:28:48Z",
      "resolved": "github:NixOS/nixpkgs/1d4c88323ac36805d09657d13a5273aea1b34f0c?lastModified=1763191728&narHash=sha256-esRhOS0APE6k40Hs%2FjjReXg%2Brx%2BJ5LkWw7cuWFKlwYA%3D"
    },
    "pandoc@latest": {
      "last_modified": "2025-12-31T03:27:36Z",
      "resolved": "github:NixOS/nixpkgs/f665af0cdb70ed27e1bd8f9fdfecaf451260fc55#pandoc",
      "source": "devbox-search",
      "version": "3.7.0.2",
      "systems": {
        "aarch64-darwin": {
          "outputs": [
            {
              "name": "out",
              "path": "/nix/store/pq3hcbr86l5hdi2b1dx60a7n46jzb25s-pandoc-cli-3.7.0.2",
              "default": true
            }
          ],
          "store_path": "/nix/store/pq3hcbr86l5hdi2b1dx60a7n46jzb25s-pandoc-cli-3.7.0.2"
        },
        "aarch64-linux": {
          "outputs": [
            {
              "name": "out",
              "path": "/nix/store/cz73zr2ah6r4lv1brssxyi2g8fly51mx-pandoc-cli-3.7.0.2",
              "default": true
            }
          ],
          "store_path": "/nix/store/cz73zr2ah6r4lv1brssxyi2g8fly51mx-pandoc-cli-3.7.0.2"
        },
        "x86_64-darwin": {
          "outputs": [
            {
              "name": "out",
              "path": "/nix/store/gyg7x70p0cn4kkaqg2gjjg3dah40a16k-pandoc-cli-3.7.0.2",
              "default": true
            }
          ],
          "store_path": "/nix/store/gyg7x70p0cn4kkaqg2gjjg3dah40a16k-pandoc-cli-3.7.0.2"
        },
        "x86_64-linux": {
          "outputs": [
            {
              "name": "out",
              "path": "/nix/store/xhggc7yr5462kdvf5gpgv5zgg3mdkir6-pandoc-cli-3.7.0.2",
              "default": true
            }
          ],
          "store_path": "/nix/store/xhggc7yr5462kdvf5gpgv5zgg3mdkir6-pandoc-cli-3.7.0.2"
        }
      }
    },
    "poetry@latest": {
      "last_modified": "2026-01-20T02:11:35Z",
      "plugin_version": "0.0.4",
      "resolved": "github:NixOS/nixpkgs/ed142ab1b3a092c4d149245d0c4126a5d7ea00b0#poetry",
      "source": "devbox-search",
      "version": "2.2.1",
      "systems": {
        "aarch64-darwin": {
          "outputs": [
            {
              "name": "out",
              "path": "/nix/store/7pdimbpkrhzj02h4j1rfq4k00d7y2wsh-python3.13-poetry-2.2.1",
              "default": true
            },
            {
              "name": "dist",
              "path": "/nix/store/xmzwfaj3gwcrxh9mirlrh7q1baz5l0kl-python3.13-poetry-2.2.1-dist"
            }
          ],
          "store_path": "/nix/store/7pdimbpkrhzj02h4j1rfq4k00d7y2wsh-python3.13-poetry-2.2.1"
        },
        "aarch64-linux": {
          "outputs": [
            {
              "name": "out",
              "path": "/nix/store/ix5lb1z5mri8wv0cya294b5qz64njmg3-python3.13-poetry-2.2.1",
              "default": true
            },
            {
              "name": "dist",
              "path": "/nix/store/4d90bc9kyicgxfnmcb6a6zp3267dmm7q-python3.13-poetry-2.2.1-dist"
            }
          ],
          "store_path": "/nix/store/ix5lb1z5mri8wv0cya294b5qz64njmg3-python3.13-poetry-2.2.1"
        },
        "x86_64-darwin": {
          "outputs": [
            {
              "name": "out",
              "path": "/nix/store/kp19qi2g2lp4v62c4gvkfhr324g18ycz-python3.13-poetry-2.2.1",
              "default": true
            },
            {
              "name": "dist",
              "path": "/nix/store/njwm8dvpcbhyr84qvzirxfq6cxfg5nrn-python3.13-poetry-2.2.1-dist"
            }
          ],
          "store_path": "/nix/store/kp19qi2g2lp4v62c4gvkfhr324g18ycz-python3.13-poetry-2.2.1"
        },
        "x86_64-linux": {
          "outputs": [
            {
              "name": "out",
              "path": "/nix/store/4rj4ds4j1lnbhshvxq79fm6z8qzzga89-python3.13-poetry-2.2.1",
              "default": true
            },
            {
              "name": "dist",
              "path": "/nix/store/r7ka5v9yyqbdvgk0xfjclsvxp5lsz4zn-python3.13-poetry-2.2.1-dist"
            }
          ],
          "store_path": "/nix/store/4rj4ds4j1lnbhshvxq79fm6z8qzzga89-python3.13-poetry-2.2.1"
        }
      }
    },
    "uv@latest": {
      "last_modified": "2025-12-03T03:51:48Z",
      "resolved": "github:NixOS/nixpkgs/cadcc8de247676e4751c9d4a935acb2c0b059113#uv",
      "source": "devbox-search",
      "version": "0.9.14",
      "systems": {
        "aarch64-darwin": {
          "outputs": [
            {
              "name": "out",
              "path": "/nix/store/zbg4ksfcdcmqbw8x0f0xlla16g2lhxgy-uv-0.9.14",
              "default": true
            }
          ],
          "store_path": "/nix/store/zbg4ksfcdcmqbw8x0f0xlla16g2lhxgy-uv-0.9.14"
        },
        "aarch64-linux": {
          "outputs": [
            {
              "name": "out",
              "path": "/nix/store/2k74mawzpjihb1jpyxlmbhaz7wflbhyb-uv-0.9.14",
              "default": true
            }
          ],
          "store_path": "/nix/store/2k74mawzpjihb1jpyxlmbhaz7wflbhyb-uv-0.9.14"
        },
        "x86_64-darwin": {
          "outputs": [
            {
              "name": "out",
              "path": "/nix/store/msq3vg45z01w0bl7q0k57yyczjh10hv8-uv-0.9.14",
              "default": true
            }
          ],
          "store_path": "/nix/store/msq3vg45z01w0bl7q0k57yyczjh10hv8-uv-0.9.14"
        },
        "x86_64-linux": {
          "outputs": [
            {
              "name": "out",
              "path": "/nix/store/483pf97g9l0l3rh0988ghffcppm4001a-uv-0.9.14",
              "default": true
            }
          ],
          "store_path": "/nix/store/483pf97g9l0l3rh0988ghffcppm4001a-uv-0.9.14"
        }
      }
    }
  }
}
